{
  "name": "test-sdk",
  "version": "1.0.0",
  "lockfileVersion": 2,
  "requires": true,
  "packages": {
    "": {
      "name": "test-sdk",
      "version": "1.0.0",
      "license": "ISC",
      "dependencies": {
        "bnc-sdk": "^3.7.0",
        "ws": "^8.4.0"
      }
    },
    "node_modules/bnc-sdk": {
      "version": "3.7.0",
      "resolved": "https://registry.npmjs.org/bnc-sdk/-/bnc-sdk-3.7.0.tgz",
      "integrity": "sha512-o8vd+LLL+sBU3aE+/tmhilbtkKQpGvA9rBhvT/bszvBpAgSNzVaP3vdmNPaglDmE2WymcrqvQGf57z5l9v+rrw==",
      "dependencies": {
        "crypto-es": "^1.2.2",
        "rxjs": "^6.6.3",
        "sturdy-websocket": "^0.1.12"
      }
    },
    "node_modules/bufferutil": {
      "version": "4.0.5",
      "resolved": "https://registry.npmjs.org/bufferutil/-/bufferutil-4.0.5.tgz",
      "integrity": "sha512-HTm14iMQKK2FjFLRTM5lAVcyaUzOnqbPtesFIvREgXpJHdQm8bWS+GkQgIkfaBYRHuCnea7w8UVNfwiAQhlr9A==",
      "hasInstallScript": true,
      "optional": true,
      "peer": true,
      "dependencies": {
        "node-gyp-build": "^4.3.0"
      },
      "engines": {
        "node": ">=6.14.2"
      }
    },
    "node_modules/crypto-es": {
      "version": "1.2.7",
      "resolved": "https://registry.npmjs.org/crypto-es/-/crypto-es-1.2.7.tgz",
      "integrity": "sha512-UUqiVJ2gUuZFmbFsKmud3uuLcNP2+Opt+5ysmljycFCyhA0+T16XJmo1ev/t5kMChMqWh7IEvURNCqsg+SjZGQ=="
    },
    "node_modules/lodash.defaults": {
      "version": "4.2.0",
      "resolved": "https://registry.npmjs.org/lodash.defaults/-/lodash.defaults-4.2.0.tgz",
      "integrity": "sha1-0JF4cW/+pN3p5ft7N/bwgCJ0WAw="
    },
    "node_modules/node-gyp-build": {
      "version": "4.3.0",
      "resolved": "https://registry.npmjs.org/node-gyp-build/-/node-gyp-build-4.3.0.tgz",
      "integrity": "sha512-iWjXZvmboq0ja1pUGULQBexmxq8CV4xBhX7VDOTbL7ZR4FOowwY/VOtRxBN/yKxmdGoIp4j5ysNT4u3S2pDQ3Q==",
      "optional": true,
      "peer": true,
      "bin": {
        "node-gyp-build": "bin.js",
        "node-gyp-build-optional": "optional.js",
        "node-gyp-build-test": "build-test.js"
      }
    },
    "node_modules/rxjs": {
      "version": "6.6.7",
      "resolved": "https://registry.npmjs.org/rxjs/-/rxjs-6.6.7.tgz",
      "integrity": "sha512-hTdwr+7yYNIT5n4AMYp85KA6yw2Va0FLa3Rguvbpa4W3I5xynaBZo41cM3XM+4Q6fRMj3sBYIR1VAmZMXYJvRQ==",
      "dependencies": {
        "tslib": "^1.9.0"
      },
      "engines": {
        "npm": ">=2.0.0"
      }
    },
    "node_modules/sturdy-websocket": {
      "version": "0.1.12",
      "resolved": "https://registry.npmjs.org/sturdy-websocket/-/sturdy-websocket-0.1.12.tgz",
      "integrity": "sha512-PA7h8LdjaMoIlC5HAwLVzae4raGWgyroscV4oUpEiTtEFINcNa47/CKYT3e98o+FfsJgrclI2pYpaJrz0aaoew==",
      "dependencies": {
        "lodash.defaults": "^4.2.0"
      }
    },
    "node_modules/tslib": {
      "version": "1.14.1",
      "resolved": "https://registry.npmjs.org/tslib/-/tslib-1.14.1.tgz",
      "integrity": "sha512-Xni35NKzjgMrwevysHTCArtLDpPvye8zV/0E4EyYn43P7/7qvQwPh9BGkHewbMulVntbigmcT7rdX3BNo9wRJg=="
    },
    "node_modules/utf-8-validate": {
      "version": "5.0.7",
      "resolved": "https://registry.npmjs.org/utf-8-validate/-/utf-8-validate-5.0.7.tgz",
      "integrity": "sha512-vLt1O5Pp+flcArHGIyKEQq883nBt8nN8tVBcoL0qUXj2XT1n7p70yGIq2VK98I5FdZ1YHc0wk/koOnHjnXWk1Q==",
      "hasInstallScript": true,
      "optional": true,
      "peer": true,
      "dependencies": {
        "node-gyp-build": "^4.3.0"
      },
      "engines": {
        "node": ">=6.14.2"
      }
    },
    "node_modules/ws": {
      "version": "8.4.0",
      "resolved": "https://registry.npmjs.org/ws/-/ws-8.4.0.tgz",
      "integrity": "sha512-IHVsKe2pjajSUIl4KYMQOdlyliovpEPquKkqbwswulszzI7r0SfQrxnXdWAEqOlDCLrVSJzo+O1hAwdog2sKSQ==",
      "engines": {
        "node": ">=10.0.0"
      },
      "peerDependencies": {
        "bufferutil": "^4.0.1",
        "utf-8-validate": "^5.0.2"
      },
      "peerDependenciesMeta": {
        "bufferutil": {
          "optional": true
        },
        "utf-8-validate": {
          "optional": true
        }
      }
    }
  },
  "dependencies": {
    "bnc-sdk": {
      "version": "3.7.0",
      "resolved": "https://registry.npmjs.org/bnc-sdk/-/bnc-sdk-3.7.0.tgz",
      "integrity": "sha512-o8vd+LLL+sBU3aE+/tmhilbtkKQpGvA9rBhvT/bszvBpAgSNzVaP3vdmNPaglDmE2WymcrqvQGf57z5l9v+rrw==",
      "requires": {
        "crypto-es": "^1.2.2",
        "rxjs": "^6.6.3",
        "sturdy-websocket": "^0.1.12"
      }
    },
    "bufferutil": {
      "version": "4.0.5",
      "resolved": "https://registry.npmjs.org/bufferutil/-/bufferutil-4.0.5.tgz",
      "integrity": "sha512-HTm14iMQKK2FjFLRTM5lAVcyaUzOnqbPtesFIvREgXpJHdQm8bWS+GkQgIkfaBYRHuCnea7w8UVNfwiAQhlr9A==",
      "optional": true,
      "peer": true,
      "requires": {
        "node-gyp-build": "^4.3.0"
      }
    },
    "crypto-es": {
      "version": "1.2.7",
      "resolved": "https://registry.npmjs.org/crypto-es/-/crypto-es-1.2.7.tgz",
      "integrity": "sha512-UUqiVJ2gUuZFmbFsKmud3uuLcNP2+Opt+5ysmljycFCyhA0+T16XJmo1ev/t5kMChMqWh7IEvURNCqsg+SjZGQ=="
    },
    "lodash.defaults": {
      "version": "4.2.0",
      "resolved": "https://registry.npmjs.org/lodash.defaults/-/lodash.defaults-4.2.0.tgz",
      "integrity": "sha1-0JF4cW/+pN3p5ft7N/bwgCJ0WAw="
    },
    "node-gyp-build": {
      "version": "4.3.0",
      "resolved": "https://registry.npmjs.org/node-gyp-build/-/node-gyp-build-4.3.0.tgz",
      "integrity": "sha512-iWjXZvmboq0ja1pUGULQBexmxq8CV4xBhX7VDOTbL7ZR4FOowwY/VOtRxBN/yKxmdGoIp4j5ysNT4u3S2pDQ3Q==",
      "optional": true,
      "peer": true
    },
    "rxjs": {
      "version": "6.6.7",
      "resolved": "https://registry.npmjs.org/rxjs/-/rxjs-6.6.7.tgz",
      "integrity": "sha512-hTdwr+7yYNIT5n4AMYp85KA6yw2Va0FLa3Rguvbpa4W3I5xynaBZo41cM3XM+4Q6fRMj3sBYIR1VAmZMXYJvRQ==",
      "requires": {
        "tslib": "^1.9.0"
      }
    },
    "sturdy-websocket": {
      "version": "0.1.12",
      "resolved": "https://registry.npmjs.org/sturdy-websocket/-/sturdy-websocket-0.1.12.tgz",
      "integrity": "sha512-PA7h8LdjaMoIlC5HAwLVzae4raGWgyroscV4oUpEiTtEFINcNa47/CKYT3e98o+FfsJgrclI2pYpaJrz0aaoew==",
      "requires": {
        "lodash.defaults": "^4.2.0"
      }
    },
    "tslib": {
      "version": "1.14.1",
      "resolved": "https://registry.npmjs.org/tslib/-/tslib-1.14.1.tgz",
      "integrity": "sha512-Xni35NKzjgMrwevysHTCArtLDpPvye8zV/0E4EyYn43P7/7qvQwPh9BGkHewbMulVntbigmcT7rdX3BNo9wRJg=="
    },
    "utf-8-validate": {
      "version": "5.0.7",
      "resolved": "https://registry.npmjs.org/utf-8-validate/-/utf-8-validate-5.0.7.tgz",
      "integrity": "sha512-vLt1O5Pp+flcArHGIyKEQq883nBt8nN8tVBcoL0qUXj2XT1n7p70yGIq2VK98I5FdZ1YHc0wk/koOnHjnXWk1Q==",
      "optional": true,
      "peer": true,
      "requires": {
        "node-gyp-build": "^4.3.0"
      }
    },
    "ws": {
      "version": "8.4.0",
      "resolved": "https://registry.npmjs.org/ws/-/ws-8.4.0.tgz",
      "integrity": "sha512-IHVsKe2pjajSUIl4KYMQOdlyliovpEPquKkqbwswulszzI7r0SfQrxnXdWAEqOlDCLrVSJzo+O1hAwdog2sKSQ==",
      "requires": {}
    }
  }
}
